
Microsoft Visual Studio Solution File, Format Version 12.00
# Visual Studio Version 16
VisualStudioVersion = 16.0.31005.135
MinimumVisualStudioVersion = 10.0.40219.1
Project("{FAE04EC0-301F-11D3-BF4B-00C04F79EFBC}") = "Practica_2", "Practica_2\Practica_2.csproj", "{C37EAB44-7FC3-4FE3-A417-F2FC3F4413D8}"
EndProject
Project("{FAE04EC0-301F-11D3-BF4B-00C04F79EFBC}") = "Ejersicio_Int", "Ejersicio_Int\Ejersicio_Int.csproj", "{FC523073-A7E9-4AA2-8192-FF4387483ABD}"
EndProject
Project("{FAE04EC0-301F-11D3-BF4B-00C04F79EFBC}") = "CalculoPerimetro", "CalculoPerimetro\CalculoPerimetro.csproj", "{B741D131-87D9-4A03-BC71-D19247A23FF9}"
EndProject
Project("{FAE04EC0-301F-11D3-BF4B-00C04F79EFBC}") = "Ejersicio_String", "Ejersicio_String\Ejersicio_String.csproj", "{84842207-B57B-4089-BA62-FD019FB4E790}"
EndProject
Global
	GlobalSection(SolutionConfigurationPlatforms) = preSolution
		Debug|Any CPU = Debug|Any CPU
		Release|Any CPU = Release|Any CPU
	EndGlobalSection
	GlobalSection(ProjectConfigurationPlatforms) = postSolution
		{C37EAB44-7FC3-4FE3-A417-F2FC3F4413D8}.Debug|Any CPU.ActiveCfg = Debug|Any CPU
		{C37EAB44-7FC3-4FE3-A417-F2FC3F4413D8}.Debug|Any CPU.Build.0 = Debug|Any CPU
		{C37EAB44-7FC3-4FE3-A417-F2FC3F4413D8}.Release|Any CPU.ActiveCfg = Release|Any CPU
		{C37EAB44-7FC3-4FE3-A417-F2FC3F4413D8}.Release|Any CPU.Build.0 = Release|Any CPU
		{FC523073-A7E9-4AA2-8192-FF4387483ABD}.Debug|Any CPU.ActiveCfg = Debug|Any CPU
		{FC523073-A7E9-4AA2-8192-FF4387483ABD}.Debug|Any CPU.Build.0 = Debug|Any CPU
		{FC523073-A7E9-4AA2-8192-FF4387483ABD}.Release|Any CPU.ActiveCfg = Release|Any CPU
		{FC523073-A7E9-4AA2-8192-FF4387483ABD}.Release|Any CPU.Build.0 = Release|Any CPU
		{B741D131-87D9-4A03-BC71-D19247A23FF9}.Debug|Any CPU.ActiveCfg = Debug|Any CPU
		{B741D131-87D9-4A03-BC71-D19247A23FF9}.Debug|Any CPU.Build.0 = Debug|Any CPU
		{B741D131-87D9-4A03-BC71-D19247A23FF9}.Release|Any CPU.ActiveCfg = Release|Any CPU
		{B741D131-87D9-4A03-BC71-D19247A23FF9}.Release|Any CPU.Build.0 = Release|Any CPU
		{84842207-B57B-4089-BA62-FD019FB4E790}.Debug|Any CPU.ActiveCfg = Debug|Any CPU
		{84842207-B57B-4089-BA62-FD019FB4E790}.Debug|Any CPU.Build.0 = Debug|Any CPU
		{84842207-B57B-4089-BA62-FD019FB4E790}.Release|Any CPU.ActiveCfg = Release|Any CPU
		{84842207-B57B-4089-BA62-FD019FB4E790}.Release|Any CPU.Build.0 = Release|Any CPU
	EndGlobalSection
	GlobalSection(SolutionProperties) = preSolution
		HideSolutionNode = FALSE
	EndGlobalSection
	GlobalSection(ExtensibilityGlobals) = postSolution
		SolutionGuid = {8ACB718B-7B82-4205-8155-19AED6B138A2}
	EndGlobalSection
EndGlobal
